
Microsoft Visual Studio Solution File, Format Version 12.00
# Visual Studio Version 16
VisualStudioVersion = 16.0.31702.278
MinimumVisualStudioVersion = 10.0.40219.1
Project("{FAE04EC0-301F-11D3-BF4B-00C04F79EFBC}") = "SuiviWookies.Web.Ui", "SuiviWookies.Web.Ui\SuiviWookies.Web.Ui.csproj", "{7F2095E7-0DCF-4B3C-914A-96515DCA2DF7}"
EndProject
Project("{FAE04EC0-301F-11D3-BF4B-00C04F79EFBC}") = "SuiviWookies.Core.Services", "SuiviWookies.Core.Services\SuiviWookies.Core.Services.csproj", "{DD1AA45D-51A9-4993-84DA-87B3C45CFEE2}"
EndProject
Project("{FAE04EC0-301F-11D3-BF4B-00C04F79EFBC}") = "SuiviWookies.Core.Models", "SuiviWookies.Core.Models\SuiviWookies.Core.Models.csproj", "{650E2B78-83C0-4134-8D32-A1A707E2274D}"
EndProject
Project("{FAE04EC0-301F-11D3-BF4B-00C04F79EFBC}") = "SuiviWookies.Tests.Web", "SuiviWookies.Tests.Web\SuiviWookies.Tests.Web.csproj", "{908B4D1F-BE7B-48E5-AA8C-C7B272D8FD82}"
EndProject
Project("{FAE04EC0-301F-11D3-BF4B-00C04F79EFBC}") = "SuiviWookies.Core.Interfaces", "SuiviWookies.Core.Interfaces\SuiviWookies.Core.Interfaces.csproj", "{BA93430D-CCC4-4BBD-9C7D-7FE679F720A4}"
EndProject
Project("{FAE04EC0-301F-11D3-BF4B-00C04F79EFBC}") = "SuiviWookies.Core.DataContext", "SuiviWookies.Core.DataContext\SuiviWookies.Core.DataContext.csproj", "{8C65973E-F056-412D-B8EE-9D20CA606206}"
EndProject
Global
	GlobalSection(SolutionConfigurationPlatforms) = preSolution
		Debug|Any CPU = Debug|Any CPU
		Release|Any CPU = Release|Any CPU
	EndGlobalSection
	GlobalSection(ProjectConfigurationPlatforms) = postSolution
		{7F2095E7-0DCF-4B3C-914A-96515DCA2DF7}.Debug|Any CPU.ActiveCfg = Debug|Any CPU
		{7F2095E7-0DCF-4B3C-914A-96515DCA2DF7}.Debug|Any CPU.Build.0 = Debug|Any CPU
		{7F2095E7-0DCF-4B3C-914A-96515DCA2DF7}.Release|Any CPU.ActiveCfg = Release|Any CPU
		{7F2095E7-0DCF-4B3C-914A-96515DCA2DF7}.Release|Any CPU.Build.0 = Release|Any CPU
		{DD1AA45D-51A9-4993-84DA-87B3C45CFEE2}.Debug|Any CPU.ActiveCfg = Debug|Any CPU
		{DD1AA45D-51A9-4993-84DA-87B3C45CFEE2}.Debug|Any CPU.Build.0 = Debug|Any CPU
		{DD1AA45D-51A9-4993-84DA-87B3C45CFEE2}.Release|Any CPU.ActiveCfg = Release|Any CPU
		{DD1AA45D-51A9-4993-84DA-87B3C45CFEE2}.Release|Any CPU.Build.0 = Release|Any CPU
		{650E2B78-83C0-4134-8D32-A1A707E2274D}.Debug|Any CPU.ActiveCfg = Debug|Any CPU
		{650E2B78-83C0-4134-8D32-A1A707E2274D}.Debug|Any CPU.Build.0 = Debug|Any CPU
		{650E2B78-83C0-4134-8D32-A1A707E2274D}.Release|Any CPU.ActiveCfg = Release|Any CPU
		{650E2B78-83C0-4134-8D32-A1A707E2274D}.Release|Any CPU.Build.0 = Release|Any CPU
		{908B4D1F-BE7B-48E5-AA8C-C7B272D8FD82}.Debug|Any CPU.ActiveCfg = Debug|Any CPU
		{908B4D1F-BE7B-48E5-AA8C-C7B272D8FD82}.Debug|Any CPU.Build.0 = Debug|Any CPU
		{908B4D1F-BE7B-48E5-AA8C-C7B272D8FD82}.Release|Any CPU.ActiveCfg = Release|Any CPU
		{908B4D1F-BE7B-48E5-AA8C-C7B272D8FD82}.Release|Any CPU.Build.0 = Release|Any CPU
		{BA93430D-CCC4-4BBD-9C7D-7FE679F720A4}.Debug|Any CPU.ActiveCfg = Debug|Any CPU
		{BA93430D-CCC4-4BBD-9C7D-7FE679F720A4}.Debug|Any CPU.Build.0 = Debug|Any CPU
		{BA93430D-CCC4-4BBD-9C7D-7FE679F720A4}.Release|Any CPU.ActiveCfg = Release|Any CPU
		{BA93430D-CCC4-4BBD-9C7D-7FE679F720A4}.Release|Any CPU.Build.0 = Release|Any CPU
		{8C65973E-F056-412D-B8EE-9D20CA606206}.Debug|Any CPU.ActiveCfg = Debug|Any CPU
		{8C65973E-F056-412D-B8EE-9D20CA606206}.Debug|Any CPU.Build.0 = Debug|Any CPU
		{8C65973E-F056-412D-B8EE-9D20CA606206}.Release|Any CPU.ActiveCfg = Release|Any CPU
		{8C65973E-F056-412D-B8EE-9D20CA606206}.Release|Any CPU.Build.0 = Release|Any CPU
	EndGlobalSection
	GlobalSection(SolutionProperties) = preSolution
		HideSolutionNode = FALSE
	EndGlobalSection
	GlobalSection(ExtensibilityGlobals) = postSolution
		SolutionGuid = {EB02D8AC-470B-4D60-87C5-B86BADAA4F9B}
	EndGlobalSection
EndGlobal
